
Microsoft Visual Studio Solution File, Format Version 12.00
# Visual Studio Version 16
VisualStudioVersion = 16.0.31313.79
MinimumVisualStudioVersion = 10.0.40219.1
Project("{FAE04EC0-301F-11D3-BF4B-00C04F79EFBC}") = "testcpu", "testcpu\testcpu.csproj", "{3865A94D-A952-4C87-A747-5EAADDF2EDAB}"
EndProject
Global
	GlobalSection(SolutionConfigurationPlatforms) = preSolution
		Debug|Any CPU = Debug|Any CPU
		Release|Any CPU = Release|Any CPU
	EndGlobalSection
	GlobalSection(ProjectConfigurationPlatforms) = postSolution
		{3865A94D-A952-4C87-A747-5EAADDF2EDAB}.Debug|Any CPU.ActiveCfg = Debug|Any CPU
		{3865A94D-A952-4C87-A747-5EAADDF2EDAB}.Debug|Any CPU.Build.0 = Debug|Any CPU
		{3865A94D-A952-4C87-A747-5EAADDF2EDAB}.Release|Any CPU.ActiveCfg = Release|Any CPU
		{3865A94D-A952-4C87-A747-5EAADDF2EDAB}.Release|Any CPU.Build.0 = Release|Any CPU
	EndGlobalSection
	GlobalSection(SolutionProperties) = preSolution
		HideSolutionNode = FALSE
	EndGlobalSection
	GlobalSection(ExtensibilityGlobals) = postSolution
		SolutionGuid = {6DA79300-E3F7-4FEF-AB26-3092EC68B327}
	EndGlobalSection
EndGlobal
